
Microsoft Visual Studio Solution File, Format Version 11.00
# Visual Studio 2010
Project("{8BC9CEB8-8B4A-11D0-8D11-00A0C91BC942}") = "C projects", "C projects\C projects.vcxproj", "{05CD3C54-855D-4DC6-BD77-A0E1DDAF587B}"
EndProject
Global
	GlobalSection(SolutionConfigurationPlatforms) = preSolution
		Debug|Win32 = Debug|Win32
		Release|Win32 = Release|Win32
	EndGlobalSection
	GlobalSection(ProjectConfigurationPlatforms) = postSolution
		{05CD3C54-855D-4DC6-BD77-A0E1DDAF587B}.Debug|Win32.ActiveCfg = Debug|Win32
		{05CD3C54-855D-4DC6-BD77-A0E1DDAF587B}.Debug|Win32.Build.0 = Debug|Win32
		{05CD3C54-855D-4DC6-BD77-A0E1DDAF587B}.Release|Win32.ActiveCfg = Release|Win32
		{05CD3C54-855D-4DC6-BD77-A0E1DDAF587B}.Release|Win32.Build.0 = Release|Win32
	EndGlobalSection
	GlobalSection(SolutionProperties) = preSolution
		HideSolutionNode = FALSE
	EndGlobalSection
EndGlobal
